
Microsoft Visual Studio Solution File, Format Version 12.00
# Visual Studio Version 17
VisualStudioVersion = 17.0.31903.59
MinimumVisualStudioVersion = 10.0.40219.1
Project("{FAE04EC0-301F-11D3-BF4B-00C04F79EFBC}") = "Day1", "Day1\Day1.csproj", "{07A85845-E3D8-43BC-A1DE-E5E64EC81426}"
EndProject
Project("{2150E333-8FDC-42A3-9474-1A3956D46DE8}") = "Non-Solution Items", "Non-Solution Items", "{79466A36-14DF-438D-A6CC-1680548DA52B}"
	ProjectSection(SolutionItems) = preProject
		..\..\.gitignore = ..\..\.gitignore
	EndProjectSection
EndProject
Project("{FAE04EC0-301F-11D3-BF4B-00C04F79EFBC}") = "Day2", "Day2\Day2.csproj", "{745B6F91-3275-4D5F-82D5-B294C58B7BA0}"
EndProject
Project("{FAE04EC0-301F-11D3-BF4B-00C04F79EFBC}") = "Day3", "Day3\Day3.csproj", "{B8A8871E-664F-4999-9531-7A88D4093D90}"
EndProject
Project("{FAE04EC0-301F-11D3-BF4B-00C04F79EFBC}") = "Day4", "Day4\Day4.csproj", "{CA74A7D2-0B39-47CA-B53D-E62F59EE84EC}"
EndProject
Project("{FAE04EC0-301F-11D3-BF4B-00C04F79EFBC}") = "Day5", "Day5\Day5.csproj", "{53939D75-D976-4ACB-8A67-94ED0696B1AE}"
EndProject
Project("{FAE04EC0-301F-11D3-BF4B-00C04F79EFBC}") = "Day6", "Day6\Day6.csproj", "{8762405A-CBF0-4267-96C0-0CC2B96E4C8B}"
EndProject
Project("{FAE04EC0-301F-11D3-BF4B-00C04F79EFBC}") = "Day7", "Day7\Day7.csproj", "{E3DB8535-9855-4A83-8284-33BAFB241FB9}"
EndProject
Project("{FAE04EC0-301F-11D3-BF4B-00C04F79EFBC}") = "Day8", "Day8\Day8.csproj", "{12ABA0AE-3A23-4FE0-9221-11F1ED3262FD}"
EndProject
Project("{FAE04EC0-301F-11D3-BF4B-00C04F79EFBC}") = "Day9", "Day9\Day9.csproj", "{38E8BA81-C613-42A1-A909-F339660EC965}"
EndProject
Project("{FAE04EC0-301F-11D3-BF4B-00C04F79EFBC}") = "Day10", "Day10\Day10.csproj", "{9BC7FCA5-524A-4165-A310-BD2F4612706B}"
EndProject
Project("{FAE04EC0-301F-11D3-BF4B-00C04F79EFBC}") = "Day11", "Day11\Day11.csproj", "{C64DA547-E1C3-482E-BE1D-4D79EF430423}"
EndProject
Project("{FAE04EC0-301F-11D3-BF4B-00C04F79EFBC}") = "Day12", "Day12\Day12.csproj", "{309B06DF-015A-4585-A872-D93947CF841D}"
EndProject
Project("{FAE04EC0-301F-11D3-BF4B-00C04F79EFBC}") = "Day13", "Day13\Day13.csproj", "{3A992959-C78D-45AA-A2AE-DA06AB1B28B6}"
EndProject
Project("{FAE04EC0-301F-11D3-BF4B-00C04F79EFBC}") = "Day14", "Day14\Day14.csproj", "{596F93F6-6DF9-4868-B677-940C1E1C4942}"
EndProject
Project("{FAE04EC0-301F-11D3-BF4B-00C04F79EFBC}") = "Day15", "Day15\Day15.csproj", "{CC341BC4-7D97-49F8-AED2-16DD9CFAEE5A}"
EndProject
Project("{FAE04EC0-301F-11D3-BF4B-00C04F79EFBC}") = "Day16", "Day16\Day16.csproj", "{D5EE7779-2512-4E51-8B19-A83CD4DD818B}"
EndProject
Project("{FAE04EC0-301F-11D3-BF4B-00C04F79EFBC}") = "Day17", "Day17\Day17.csproj", "{1597EF74-456F-48A4-8469-B7FE2E5B9945}"
EndProject
Project("{FAE04EC0-301F-11D3-BF4B-00C04F79EFBC}") = "Day18", "Day18\Day18.csproj", "{557BA5AF-AC75-44C9-BD09-5C52DD7666CB}"
EndProject
Project("{FAE04EC0-301F-11D3-BF4B-00C04F79EFBC}") = "Day19", "Day19\Day19.csproj", "{861C7336-E915-44F8-A8DF-7EBD1D0E3508}"
EndProject
Project("{FAE04EC0-301F-11D3-BF4B-00C04F79EFBC}") = "Day20", "Day20\Day20.csproj", "{080718BD-E683-4FC7-ABA5-C6E9AC2863D1}"
EndProject
Project("{FAE04EC0-301F-11D3-BF4B-00C04F79EFBC}") = "Day21", "Day21\Day21.csproj", "{8995E8B8-5A6C-4443-8F4F-BC39FA062186}"
EndProject
Project("{FAE04EC0-301F-11D3-BF4B-00C04F79EFBC}") = "Day22", "Day22\Day22.csproj", "{741390AF-D599-42EA-A0BE-3ADD860CA267}"
EndProject
Project("{FAE04EC0-301F-11D3-BF4B-00C04F79EFBC}") = "Day23", "Day23\Day23.csproj", "{7A886FBB-BA50-41FB-B05E-1A28301C2020}"
EndProject
Project("{FAE04EC0-301F-11D3-BF4B-00C04F79EFBC}") = "Day24", "Day24\Day24.csproj", "{8F22FA17-67B4-4DCC-8120-DD6CD6041E8A}"
EndProject
Project("{FAE04EC0-301F-11D3-BF4B-00C04F79EFBC}") = "Day25", "Day25\Day25.csproj", "{BAF0ED78-D33D-41EB-AF22-0657EDE9B9FF}"
EndProject
Global
	GlobalSection(SolutionConfigurationPlatforms) = preSolution
		Debug|Any CPU = Debug|Any CPU
		Release|Any CPU = Release|Any CPU
	EndGlobalSection
	GlobalSection(SolutionProperties) = preSolution
		HideSolutionNode = FALSE
	EndGlobalSection
	GlobalSection(ProjectConfigurationPlatforms) = postSolution
		{07A85845-E3D8-43BC-A1DE-E5E64EC81426}.Debug|Any CPU.ActiveCfg = Debug|Any CPU
		{07A85845-E3D8-43BC-A1DE-E5E64EC81426}.Debug|Any CPU.Build.0 = Debug|Any CPU
		{07A85845-E3D8-43BC-A1DE-E5E64EC81426}.Release|Any CPU.ActiveCfg = Release|Any CPU
		{07A85845-E3D8-43BC-A1DE-E5E64EC81426}.Release|Any CPU.Build.0 = Release|Any CPU
		{745B6F91-3275-4D5F-82D5-B294C58B7BA0}.Debug|Any CPU.ActiveCfg = Debug|Any CPU
		{745B6F91-3275-4D5F-82D5-B294C58B7BA0}.Debug|Any CPU.Build.0 = Debug|Any CPU
		{745B6F91-3275-4D5F-82D5-B294C58B7BA0}.Release|Any CPU.ActiveCfg = Release|Any CPU
		{745B6F91-3275-4D5F-82D5-B294C58B7BA0}.Release|Any CPU.Build.0 = Release|Any CPU
		{B8A8871E-664F-4999-9531-7A88D4093D90}.Debug|Any CPU.ActiveCfg = Debug|Any CPU
		{B8A8871E-664F-4999-9531-7A88D4093D90}.Debug|Any CPU.Build.0 = Debug|Any CPU
		{B8A8871E-664F-4999-9531-7A88D4093D90}.Release|Any CPU.ActiveCfg = Release|Any CPU
		{B8A8871E-664F-4999-9531-7A88D4093D90}.Release|Any CPU.Build.0 = Release|Any CPU
		{CA74A7D2-0B39-47CA-B53D-E62F59EE84EC}.Debug|Any CPU.ActiveCfg = Debug|Any CPU
		{CA74A7D2-0B39-47CA-B53D-E62F59EE84EC}.Debug|Any CPU.Build.0 = Debug|Any CPU
		{CA74A7D2-0B39-47CA-B53D-E62F59EE84EC}.Release|Any CPU.ActiveCfg = Release|Any CPU
		{CA74A7D2-0B39-47CA-B53D-E62F59EE84EC}.Release|Any CPU.Build.0 = Release|Any CPU
		{53939D75-D976-4ACB-8A67-94ED0696B1AE}.Debug|Any CPU.ActiveCfg = Debug|Any CPU
		{53939D75-D976-4ACB-8A67-94ED0696B1AE}.Debug|Any CPU.Build.0 = Debug|Any CPU
		{53939D75-D976-4ACB-8A67-94ED0696B1AE}.Release|Any CPU.ActiveCfg = Release|Any CPU
		{53939D75-D976-4ACB-8A67-94ED0696B1AE}.Release|Any CPU.Build.0 = Release|Any CPU
		{8762405A-CBF0-4267-96C0-0CC2B96E4C8B}.Debug|Any CPU.ActiveCfg = Debug|Any CPU
		{8762405A-CBF0-4267-96C0-0CC2B96E4C8B}.Debug|Any CPU.Build.0 = Debug|Any CPU
		{8762405A-CBF0-4267-96C0-0CC2B96E4C8B}.Release|Any CPU.ActiveCfg = Release|Any CPU
		{8762405A-CBF0-4267-96C0-0CC2B96E4C8B}.Release|Any CPU.Build.0 = Release|Any CPU
		{E3DB8535-9855-4A83-8284-33BAFB241FB9}.Debug|Any CPU.ActiveCfg = Debug|Any CPU
		{E3DB8535-9855-4A83-8284-33BAFB241FB9}.Debug|Any CPU.Build.0 = Debug|Any CPU
		{E3DB8535-9855-4A83-8284-33BAFB241FB9}.Release|Any CPU.ActiveCfg = Release|Any CPU
		{E3DB8535-9855-4A83-8284-33BAFB241FB9}.Release|Any CPU.Build.0 = Release|Any CPU
		{12ABA0AE-3A23-4FE0-9221-11F1ED3262FD}.Debug|Any CPU.ActiveCfg = Debug|Any CPU
		{12ABA0AE-3A23-4FE0-9221-11F1ED3262FD}.Debug|Any CPU.Build.0 = Debug|Any CPU
		{12ABA0AE-3A23-4FE0-9221-11F1ED3262FD}.Release|Any CPU.ActiveCfg = Release|Any CPU
		{12ABA0AE-3A23-4FE0-9221-11F1ED3262FD}.Release|Any CPU.Build.0 = Release|Any CPU
		{38E8BA81-C613-42A1-A909-F339660EC965}.Debug|Any CPU.ActiveCfg = Debug|Any CPU
		{38E8BA81-C613-42A1-A909-F339660EC965}.Debug|Any CPU.Build.0 = Debug|Any CPU
		{38E8BA81-C613-42A1-A909-F339660EC965}.Release|Any CPU.ActiveCfg = Release|Any CPU
		{38E8BA81-C613-42A1-A909-F339660EC965}.Release|Any CPU.Build.0 = Release|Any CPU
		{9BC7FCA5-524A-4165-A310-BD2F4612706B}.Debug|Any CPU.ActiveCfg = Debug|Any CPU
		{9BC7FCA5-524A-4165-A310-BD2F4612706B}.Debug|Any CPU.Build.0 = Debug|Any CPU
		{9BC7FCA5-524A-4165-A310-BD2F4612706B}.Release|Any CPU.ActiveCfg = Release|Any CPU
		{9BC7FCA5-524A-4165-A310-BD2F4612706B}.Release|Any CPU.Build.0 = Release|Any CPU
		{C64DA547-E1C3-482E-BE1D-4D79EF430423}.Debug|Any CPU.ActiveCfg = Debug|Any CPU
		{C64DA547-E1C3-482E-BE1D-4D79EF430423}.Debug|Any CPU.Build.0 = Debug|Any CPU
		{C64DA547-E1C3-482E-BE1D-4D79EF430423}.Release|Any CPU.ActiveCfg = Release|Any CPU
		{C64DA547-E1C3-482E-BE1D-4D79EF430423}.Release|Any CPU.Build.0 = Release|Any CPU
		{309B06DF-015A-4585-A872-D93947CF841D}.Debug|Any CPU.ActiveCfg = Debug|Any CPU
		{309B06DF-015A-4585-A872-D93947CF841D}.Debug|Any CPU.Build.0 = Debug|Any CPU
		{309B06DF-015A-4585-A872-D93947CF841D}.Release|Any CPU.ActiveCfg = Release|Any CPU
		{309B06DF-015A-4585-A872-D93947CF841D}.Release|Any CPU.Build.0 = Release|Any CPU
		{3A992959-C78D-45AA-A2AE-DA06AB1B28B6}.Debug|Any CPU.ActiveCfg = Debug|Any CPU
		{3A992959-C78D-45AA-A2AE-DA06AB1B28B6}.Debug|Any CPU.Build.0 = Debug|Any CPU
		{3A992959-C78D-45AA-A2AE-DA06AB1B28B6}.Release|Any CPU.ActiveCfg = Release|Any CPU
		{3A992959-C78D-45AA-A2AE-DA06AB1B28B6}.Release|Any CPU.Build.0 = Release|Any CPU
		{596F93F6-6DF9-4868-B677-940C1E1C4942}.Debug|Any CPU.ActiveCfg = Debug|Any CPU
		{596F93F6-6DF9-4868-B677-940C1E1C4942}.Debug|Any CPU.Build.0 = Debug|Any CPU
		{596F93F6-6DF9-4868-B677-940C1E1C4942}.Release|Any CPU.ActiveCfg = Release|Any CPU
		{596F93F6-6DF9-4868-B677-940C1E1C4942}.Release|Any CPU.Build.0 = Release|Any CPU
		{CC341BC4-7D97-49F8-AED2-16DD9CFAEE5A}.Debug|Any CPU.ActiveCfg = Debug|Any CPU
		{CC341BC4-7D97-49F8-AED2-16DD9CFAEE5A}.Debug|Any CPU.Build.0 = Debug|Any CPU
		{CC341BC4-7D97-49F8-AED2-16DD9CFAEE5A}.Release|Any CPU.ActiveCfg = Release|Any CPU
		{CC341BC4-7D97-49F8-AED2-16DD9CFAEE5A}.Release|Any CPU.Build.0 = Release|Any CPU
		{D5EE7779-2512-4E51-8B19-A83CD4DD818B}.Debug|Any CPU.ActiveCfg = Debug|Any CPU
		{D5EE7779-2512-4E51-8B19-A83CD4DD818B}.Debug|Any CPU.Build.0 = Debug|Any CPU
		{D5EE7779-2512-4E51-8B19-A83CD4DD818B}.Release|Any CPU.ActiveCfg = Release|Any CPU
		{D5EE7779-2512-4E51-8B19-A83CD4DD818B}.Release|Any CPU.Build.0 = Release|Any CPU
		{1597EF74-456F-48A4-8469-B7FE2E5B9945}.Debug|Any CPU.ActiveCfg = Debug|Any CPU
		{1597EF74-456F-48A4-8469-B7FE2E5B9945}.Debug|Any CPU.Build.0 = Debug|Any CPU
		{1597EF74-456F-48A4-8469-B7FE2E5B9945}.Release|Any CPU.ActiveCfg = Release|Any CPU
		{1597EF74-456F-48A4-8469-B7FE2E5B9945}.Release|Any CPU.Build.0 = Release|Any CPU
		{557BA5AF-AC75-44C9-BD09-5C52DD7666CB}.Debug|Any CPU.ActiveCfg = Debug|Any CPU
		{557BA5AF-AC75-44C9-BD09-5C52DD7666CB}.Debug|Any CPU.Build.0 = Debug|Any CPU
		{557BA5AF-AC75-44C9-BD09-5C52DD7666CB}.Release|Any CPU.ActiveCfg = Release|Any CPU
		{557BA5AF-AC75-44C9-BD09-5C52DD7666CB}.Release|Any CPU.Build.0 = Release|Any CPU
		{861C7336-E915-44F8-A8DF-7EBD1D0E3508}.Debug|Any CPU.ActiveCfg = Debug|Any CPU
		{861C7336-E915-44F8-A8DF-7EBD1D0E3508}.Debug|Any CPU.Build.0 = Debug|Any CPU
		{861C7336-E915-44F8-A8DF-7EBD1D0E3508}.Release|Any CPU.ActiveCfg = Release|Any CPU
		{861C7336-E915-44F8-A8DF-7EBD1D0E3508}.Release|Any CPU.Build.0 = Release|Any CPU
		{080718BD-E683-4FC7-ABA5-C6E9AC2863D1}.Debug|Any CPU.ActiveCfg = Debug|Any CPU
		{080718BD-E683-4FC7-ABA5-C6E9AC2863D1}.Debug|Any CPU.Build.0 = Debug|Any CPU
		{080718BD-E683-4FC7-ABA5-C6E9AC2863D1}.Release|Any CPU.ActiveCfg = Release|Any CPU
		{080718BD-E683-4FC7-ABA5-C6E9AC2863D1}.Release|Any CPU.Build.0 = Release|Any CPU
		{8995E8B8-5A6C-4443-8F4F-BC39FA062186}.Debug|Any CPU.ActiveCfg = Debug|Any CPU
		{8995E8B8-5A6C-4443-8F4F-BC39FA062186}.Debug|Any CPU.Build.0 = Debug|Any CPU
		{8995E8B8-5A6C-4443-8F4F-BC39FA062186}.Release|Any CPU.ActiveCfg = Release|Any CPU
		{8995E8B8-5A6C-4443-8F4F-BC39FA062186}.Release|Any CPU.Build.0 = Release|Any CPU
		{741390AF-D599-42EA-A0BE-3ADD860CA267}.Debug|Any CPU.ActiveCfg = Debug|Any CPU
		{741390AF-D599-42EA-A0BE-3ADD860CA267}.Debug|Any CPU.Build.0 = Debug|Any CPU
		{741390AF-D599-42EA-A0BE-3ADD860CA267}.Release|Any CPU.ActiveCfg = Release|Any CPU
		{741390AF-D599-42EA-A0BE-3ADD860CA267}.Release|Any CPU.Build.0 = Release|Any CPU
		{7A886FBB-BA50-41FB-B05E-1A28301C2020}.Debug|Any CPU.ActiveCfg = Debug|Any CPU
		{7A886FBB-BA50-41FB-B05E-1A28301C2020}.Debug|Any CPU.Build.0 = Debug|Any CPU
		{7A886FBB-BA50-41FB-B05E-1A28301C2020}.Release|Any CPU.ActiveCfg = Release|Any CPU
		{7A886FBB-BA50-41FB-B05E-1A28301C2020}.Release|Any CPU.Build.0 = Release|Any CPU
		{8F22FA17-67B4-4DCC-8120-DD6CD6041E8A}.Debug|Any CPU.ActiveCfg = Debug|Any CPU
		{8F22FA17-67B4-4DCC-8120-DD6CD6041E8A}.Debug|Any CPU.Build.0 = Debug|Any CPU
		{8F22FA17-67B4-4DCC-8120-DD6CD6041E8A}.Release|Any CPU.ActiveCfg = Release|Any CPU
		{8F22FA17-67B4-4DCC-8120-DD6CD6041E8A}.Release|Any CPU.Build.0 = Release|Any CPU
		{BAF0ED78-D33D-41EB-AF22-0657EDE9B9FF}.Debug|Any CPU.ActiveCfg = Debug|Any CPU
		{BAF0ED78-D33D-41EB-AF22-0657EDE9B9FF}.Debug|Any CPU.Build.0 = Debug|Any CPU
		{BAF0ED78-D33D-41EB-AF22-0657EDE9B9FF}.Release|Any CPU.ActiveCfg = Release|Any CPU
		{BAF0ED78-D33D-41EB-AF22-0657EDE9B9FF}.Release|Any CPU.Build.0 = Release|Any CPU
	EndGlobalSection
EndGlobal
