
Microsoft Visual Studio Solution File, Format Version 12.00
Project("{FAE04EC0-301F-11D3-BF4B-00C04F79EFBC}") = "Day1", "Day1\Day1.csproj", "{6D8CAFB1-70C8-4D11-9D82-6430E1253AD2}"
EndProject
Project("{FAE04EC0-301F-11D3-BF4B-00C04F79EFBC}") = "Day2", "Day2\Day2.csproj", "{29DB3C13-6A59-4C38-99A6-011A7094EFF6}"
EndProject
Project("{2150E333-8FDC-42A3-9474-1A3956D46DE8}") = "Non-Solution Items", "Non-Solution Items", "{3EB85DFB-C09A-4E0C-A37E-78160789B488}"
	ProjectSection(SolutionItems) = preProject
		Directory.Packages.props = Directory.Packages.props
		Directory.Build.props = Directory.Build.props
	EndProjectSection
EndProject
Project("{FAE04EC0-301F-11D3-BF4B-00C04F79EFBC}") = "Day3", "Day3\Day3.csproj", "{1AF7A318-8FC3-45AC-A86F-1E5DE1E9E79C}"
EndProject
Project("{FAE04EC0-301F-11D3-BF4B-00C04F79EFBC}") = "Day4", "Day4\Day4.csproj", "{041B85A8-8980-453D-8200-292803B55072}"
EndProject
Project("{FAE04EC0-301F-11D3-BF4B-00C04F79EFBC}") = "Day5", "Day5\Day5.csproj", "{2BD20B4A-A28C-49D2-AABF-85F10E128356}"
EndProject
Project("{FAE04EC0-301F-11D3-BF4B-00C04F79EFBC}") = "Day6", "Day6\Day6.csproj", "{E91893E4-9E6C-48F5-A139-54858F6EB479}"
EndProject
Project("{FAE04EC0-301F-11D3-BF4B-00C04F79EFBC}") = "Day7", "Day7\Day7.csproj", "{255684AA-3864-4CB5-8F03-5671F7A60C68}"
EndProject
Project("{FAE04EC0-301F-11D3-BF4B-00C04F79EFBC}") = "Day8", "Day8\Day8.csproj", "{D8B050CE-959D-49E9-9170-41B5DE18621B}"
EndProject
Global
	GlobalSection(SolutionConfigurationPlatforms) = preSolution
		Debug|Any CPU = Debug|Any CPU
		Release|Any CPU = Release|Any CPU
	EndGlobalSection
	GlobalSection(ProjectConfigurationPlatforms) = postSolution
		{6D8CAFB1-70C8-4D11-9D82-6430E1253AD2}.Debug|Any CPU.ActiveCfg = Debug|Any CPU
		{6D8CAFB1-70C8-4D11-9D82-6430E1253AD2}.Debug|Any CPU.Build.0 = Debug|Any CPU
		{6D8CAFB1-70C8-4D11-9D82-6430E1253AD2}.Release|Any CPU.ActiveCfg = Release|Any CPU
		{6D8CAFB1-70C8-4D11-9D82-6430E1253AD2}.Release|Any CPU.Build.0 = Release|Any CPU
		{29DB3C13-6A59-4C38-99A6-011A7094EFF6}.Debug|Any CPU.ActiveCfg = Debug|Any CPU
		{29DB3C13-6A59-4C38-99A6-011A7094EFF6}.Debug|Any CPU.Build.0 = Debug|Any CPU
		{29DB3C13-6A59-4C38-99A6-011A7094EFF6}.Release|Any CPU.ActiveCfg = Release|Any CPU
		{29DB3C13-6A59-4C38-99A6-011A7094EFF6}.Release|Any CPU.Build.0 = Release|Any CPU
		{1AF7A318-8FC3-45AC-A86F-1E5DE1E9E79C}.Debug|Any CPU.ActiveCfg = Debug|Any CPU
		{1AF7A318-8FC3-45AC-A86F-1E5DE1E9E79C}.Debug|Any CPU.Build.0 = Debug|Any CPU
		{1AF7A318-8FC3-45AC-A86F-1E5DE1E9E79C}.Release|Any CPU.ActiveCfg = Release|Any CPU
		{1AF7A318-8FC3-45AC-A86F-1E5DE1E9E79C}.Release|Any CPU.Build.0 = Release|Any CPU
		{041B85A8-8980-453D-8200-292803B55072}.Debug|Any CPU.ActiveCfg = Debug|Any CPU
		{041B85A8-8980-453D-8200-292803B55072}.Debug|Any CPU.Build.0 = Debug|Any CPU
		{041B85A8-8980-453D-8200-292803B55072}.Release|Any CPU.ActiveCfg = Release|Any CPU
		{041B85A8-8980-453D-8200-292803B55072}.Release|Any CPU.Build.0 = Release|Any CPU
		{2BD20B4A-A28C-49D2-AABF-85F10E128356}.Debug|Any CPU.ActiveCfg = Debug|Any CPU
		{2BD20B4A-A28C-49D2-AABF-85F10E128356}.Debug|Any CPU.Build.0 = Debug|Any CPU
		{2BD20B4A-A28C-49D2-AABF-85F10E128356}.Release|Any CPU.ActiveCfg = Release|Any CPU
		{2BD20B4A-A28C-49D2-AABF-85F10E128356}.Release|Any CPU.Build.0 = Release|Any CPU
		{E91893E4-9E6C-48F5-A139-54858F6EB479}.Debug|Any CPU.ActiveCfg = Debug|Any CPU
		{E91893E4-9E6C-48F5-A139-54858F6EB479}.Debug|Any CPU.Build.0 = Debug|Any CPU
		{E91893E4-9E6C-48F5-A139-54858F6EB479}.Release|Any CPU.ActiveCfg = Release|Any CPU
		{E91893E4-9E6C-48F5-A139-54858F6EB479}.Release|Any CPU.Build.0 = Release|Any CPU
		{255684AA-3864-4CB5-8F03-5671F7A60C68}.Debug|Any CPU.ActiveCfg = Debug|Any CPU
		{255684AA-3864-4CB5-8F03-5671F7A60C68}.Debug|Any CPU.Build.0 = Debug|Any CPU
		{255684AA-3864-4CB5-8F03-5671F7A60C68}.Release|Any CPU.ActiveCfg = Release|Any CPU
		{255684AA-3864-4CB5-8F03-5671F7A60C68}.Release|Any CPU.Build.0 = Release|Any CPU
		{D8B050CE-959D-49E9-9170-41B5DE18621B}.Debug|Any CPU.ActiveCfg = Debug|Any CPU
		{D8B050CE-959D-49E9-9170-41B5DE18621B}.Debug|Any CPU.Build.0 = Debug|Any CPU
		{D8B050CE-959D-49E9-9170-41B5DE18621B}.Release|Any CPU.ActiveCfg = Release|Any CPU
		{D8B050CE-959D-49E9-9170-41B5DE18621B}.Release|Any CPU.Build.0 = Release|Any CPU
	EndGlobalSection
	GlobalSection(NestedProjects) = preSolution
	EndGlobalSection
EndGlobal
